{
  "lockfile_version": "1",
  "packages": {
    "buildkit@latest": {
      "last_modified": "2024-06-21T06:40:32Z",
      "resolved": "github:NixOS/nixpkgs/ed0af8c19f55bede71dc9c2002185cf228339901#buildkit",
      "source": "devbox-search",
      "version": "0.14.1",
      "systems": {
        "aarch64-darwin": {
          "outputs": [
            {
              "name": "out",
              "path": "/nix/store/mg3jbr4yfjjdgdyyfh4p4bwvqiax3fh1-buildkit-0.14.1",
              "default": true
            }
          ],
          "store_path": "/nix/store/mg3jbr4yfjjdgdyyfh4p4bwvqiax3fh1-buildkit-0.14.1"
        },
        "aarch64-linux": {
          "outputs": [
            {
              "name": "out",
              "path": "/nix/store/kr054wz318bmay7cc3cxcapfbvb6nfjp-buildkit-0.14.1",
              "default": true
            }
          ],
          "store_path": "/nix/store/kr054wz318bmay7cc3cxcapfbvb6nfjp-buildkit-0.14.1"
        },
        "x86_64-darwin": {
          "outputs": [
            {
              "name": "out",
              "path": "/nix/store/wc1r11wb7sbiawmjafrncjzgwpid98bf-buildkit-0.14.1",
              "default": true
            }
          ],
          "store_path": "/nix/store/wc1r11wb7sbiawmjafrncjzgwpid98bf-buildkit-0.14.1"
        },
        "x86_64-linux": {
          "outputs": [
            {
              "name": "out",
              "path": "/nix/store/1ymqcbn2fhgj28bj9x4nm5v1dma1k5n8-buildkit-0.14.1",
              "default": true
            }
          ],
          "store_path": "/nix/store/1ymqcbn2fhgj28bj9x4nm5v1dma1k5n8-buildkit-0.14.1"
        }
      }
    },
    "go@latest": {
      "last_modified": "2024-05-29T10:04:41Z",
      "resolved": "github:NixOS/nixpkgs/ac82a513e55582291805d6f09d35b6d8b60637a1#go",
      "source": "devbox-search",
      "version": "1.22.3",
      "systems": {
        "aarch64-darwin": {
          "outputs": [
            {
              "name": "out",
              "path": "/nix/store/i04a1a6qgxhjw6c0ld2b3x1v815sbxjc-go-1.22.3",
              "default": true
            }
          ],
          "store_path": "/nix/store/i04a1a6qgxhjw6c0ld2b3x1v815sbxjc-go-1.22.3"
        },
        "aarch64-linux": {
          "outputs": [
            {
              "name": "out",
              "path": "/nix/store/d68f2iblysnl0r4qcfdacmdpmvvy86kf-go-1.22.3",
              "default": true
            }
          ],
          "store_path": "/nix/store/d68f2iblysnl0r4qcfdacmdpmvvy86kf-go-1.22.3"
        },
        "x86_64-darwin": {
          "outputs": [
            {
              "name": "out",
              "path": "/nix/store/1p6vr83cgyfwm8517jhfmf6lypzhy3q2-go-1.22.3",
              "default": true
            }
          ],
          "store_path": "/nix/store/1p6vr83cgyfwm8517jhfmf6lypzhy3q2-go-1.22.3"
        },
        "x86_64-linux": {
          "outputs": [
            {
              "name": "out",
              "path": "/nix/store/00mg4vlhzmm7gi9bd5v5ydjlgrywpc3n-go-1.22.3",
              "default": true
            }
          ],
          "store_path": "/nix/store/00mg4vlhzmm7gi9bd5v5ydjlgrywpc3n-go-1.22.3"
        }
      }
    },
    "golangci-lint@latest": {
      "last_modified": "2024-06-11T07:07:27Z",
      "resolved": "github:NixOS/nixpkgs/f7207adcc68d9cafa29e3cd252a18743ae512c6a#golangci-lint",
      "source": "devbox-search",
      "version": "1.59.1",
      "systems": {
        "aarch64-darwin": {
          "outputs": [
            {
              "name": "out",
              "path": "/nix/store/ayd5f5529awcr6nqfgglrx6kwi2vp8s4-golangci-lint-1.59.1",
              "default": true
            }
          ],
          "store_path": "/nix/store/ayd5f5529awcr6nqfgglrx6kwi2vp8s4-golangci-lint-1.59.1"
        },
        "aarch64-linux": {
          "outputs": [
            {
              "name": "out",
              "path": "/nix/store/jkir3rimvr2ir2z2gvkbaw5n2cda8chg-golangci-lint-1.59.1",
              "default": true
            }
          ],
          "store_path": "/nix/store/jkir3rimvr2ir2z2gvkbaw5n2cda8chg-golangci-lint-1.59.1"
        },
        "x86_64-darwin": {
          "outputs": [
            {
              "name": "out",
              "path": "/nix/store/y10i5blb2rgpdz3ny0q3xr7g5g2z1s4n-golangci-lint-1.59.1",
              "default": true
            }
          ],
          "store_path": "/nix/store/y10i5blb2rgpdz3ny0q3xr7g5g2z1s4n-golangci-lint-1.59.1"
        },
        "x86_64-linux": {
          "outputs": [
            {
              "name": "out",
              "path": "/nix/store/zlrwy5y1rixx7vg1rkmhvpl69yvgdra0-golangci-lint-1.59.1",
              "default": true
            }
          ],
          "store_path": "/nix/store/zlrwy5y1rixx7vg1rkmhvpl69yvgdra0-golangci-lint-1.59.1"
        }
      }
    }
  }
}
