# THIS IS AN AUTOGENERATED FILE. DO NOT EDIT THIS FILE DIRECTLY.
# yarn lockfile v1
# bun ./bun.lockb --hash: C4E4A2A64F18EC1A-c910f7f4cdfe0a0e-635274FCB80A84B4-085cde6a6744fd81


bun-types@latest:
  version "1.0.1"
  resolved "https://registry.npmjs.org/bun-types/-/bun-types-1.0.1.tgz"
  integrity sha512-7NrXqhMIaNKmWn2dSWEQ50znMZqrN/5Z0NBMXvQTRu/+Y1CvoXRznFy0pnqLe024CeZgVdXoEpARNO1JZLAPGw==
